
Microsoft Visual Studio Solution File, Format Version 12.00
# Visual Studio Version 16
VisualStudioVersion = 16.0.29230.47
MinimumVisualStudioVersion = 10.0.40219.1
Project("{FAE04EC0-301F-11D3-BF4B-00C04F79EFBC}") = "CcsDemo", "CcsDemo.csproj", "{DC5FADD3-71FC-47D1-954F-29B414480498}"
EndProject
Global
	GlobalSection(SolutionConfigurationPlatforms) = preSolution
		Debug|Any CPU = Debug|Any CPU
		Release|Any CPU = Release|Any CPU
	EndGlobalSection
	GlobalSection(ProjectConfigurationPlatforms) = postSolution
		{DC5FADD3-71FC-47D1-954F-29B414480498}.Debug|Any CPU.ActiveCfg = Debug|Any CPU
		{DC5FADD3-71FC-47D1-954F-29B414480498}.Debug|Any CPU.Build.0 = Debug|Any CPU
		{DC5FADD3-71FC-47D1-954F-29B414480498}.Release|Any CPU.ActiveCfg = Release|Any CPU
		{DC5FADD3-71FC-47D1-954F-29B414480498}.Release|Any CPU.Build.0 = Release|Any CPU
	EndGlobalSection
	GlobalSection(SolutionProperties) = preSolution
		HideSolutionNode = FALSE
	EndGlobalSection
	GlobalSection(ExtensibilityGlobals) = postSolution
		SolutionGuid = {34D7D4F2-E299-4AE8-9563-D16419D60F04}
	EndGlobalSection
EndGlobal
